
Microsoft Visual Studio Solution File, Format Version 12.00
# Visual Studio Version 17
VisualStudioVersion = 17.1.32421.90
MinimumVisualStudioVersion = 10.0.40219.1
Project("{FAE04EC0-301F-11D3-BF4B-00C04F79EFBC}") = "rybosoft_webapp", "rybosoft_webapp\rybosoft_webapp.csproj", "{65505737-7F3D-4863-B842-73352C1CF9A3}"
EndProject
Global
	GlobalSection(SolutionConfigurationPlatforms) = preSolution
		Debug|Any CPU = Debug|Any CPU
		Release|Any CPU = Release|Any CPU
	EndGlobalSection
	GlobalSection(ProjectConfigurationPlatforms) = postSolution
		{65505737-7F3D-4863-B842-73352C1CF9A3}.Debug|Any CPU.ActiveCfg = Debug|Any CPU
		{65505737-7F3D-4863-B842-73352C1CF9A3}.Debug|Any CPU.Build.0 = Debug|Any CPU
		{65505737-7F3D-4863-B842-73352C1CF9A3}.Release|Any CPU.ActiveCfg = Release|Any CPU
		{65505737-7F3D-4863-B842-73352C1CF9A3}.Release|Any CPU.Build.0 = Release|Any CPU
	EndGlobalSection
	GlobalSection(SolutionProperties) = preSolution
		HideSolutionNode = FALSE
	EndGlobalSection
	GlobalSection(ExtensibilityGlobals) = postSolution
		SolutionGuid = {A8989210-5B5E-4B76-AAD6-FFB0C9BE5C4E}
	EndGlobalSection
EndGlobal
